
Microsoft Visual Studio Solution File, Format Version 12.00
# Visual Studio Version 17
VisualStudioVersion = 17.14.36408.4 d17.14
MinimumVisualStudioVersion = 10.0.40219.1
Project("{FAE04EC0-301F-11D3-BF4B-00C04F79EFBC}") = "branch-exercise", "branch-exercise.csproj", "{5624D755-3D3B-45B8-9BBC-3D7ADB2E1AA9}"
EndProject
Global
	GlobalSection(SolutionConfigurationPlatforms) = preSolution
		Debug|Any CPU = Debug|Any CPU
		Release|Any CPU = Release|Any CPU
	EndGlobalSection
	GlobalSection(ProjectConfigurationPlatforms) = postSolution
		{5624D755-3D3B-45B8-9BBC-3D7ADB2E1AA9}.Debug|Any CPU.ActiveCfg = Debug|Any CPU
		{5624D755-3D3B-45B8-9BBC-3D7ADB2E1AA9}.Debug|Any CPU.Build.0 = Debug|Any CPU
		{5624D755-3D3B-45B8-9BBC-3D7ADB2E1AA9}.Release|Any CPU.ActiveCfg = Release|Any CPU
		{5624D755-3D3B-45B8-9BBC-3D7ADB2E1AA9}.Release|Any CPU.Build.0 = Release|Any CPU
	EndGlobalSection
	GlobalSection(SolutionProperties) = preSolution
		HideSolutionNode = FALSE
	EndGlobalSection
	GlobalSection(ExtensibilityGlobals) = postSolution
		SolutionGuid = {1A7098BA-8246-4EBF-BC9C-8DA34F0889AE}
	EndGlobalSection
EndGlobal
